// !$*UTF8*$!
{
	archiveVersion = 1;
	classes = {
	};
	objectVersion = 46;
	objects = {

/* Begin PBXBuildFile section */
		97F53F56100FE942A5F2CC9D /* Pods_CZMakeTee.framework in Frameworks */ = {isa = PBXBuildFile; fileRef = 3122313002242F357AB526FC /* Pods_CZMakeTee.framework */; };
		A038E3D71CB743A800659FD8 /* MKHttpCode.m in Sources */ = {isa = PBXBuildFile; fileRef = A038E3D61CB743A800659FD8 /* MKHttpCode.m */; };
		A038E3DA1CB7469200659FD8 /* MKEncyInfo.m in Sources */ = {isa = PBXBuildFile; fileRef = A038E3D91CB7469200659FD8 /* MKEncyInfo.m */; };
		A038E3DD1CB7490F00659FD8 /* MKRootTabBarController.m in Sources */ = {isa = PBXBuildFile; fileRef = A038E3DC1CB7490F00659FD8 /* MKRootTabBarController.m */; };
		A038E3E71CB74A2700659FD8 /* MKKnowledgeController.m in Sources */ = {isa = PBXBuildFile; fileRef = A038E3E61CB74A2700659FD8 /* MKKnowledgeController.m */; };
		A038E3EA1CB74A3600659FD8 /* MKRecordController.m in Sources */ = {isa = PBXBuildFile; fileRef = A038E3E91CB74A3600659FD8 /* MKRecordController.m */; };
		A038E3ED1CB74A4A00659FD8 /* MKBuildController.m in Sources */ = {isa = PBXBuildFile; fileRef = A038E3EC1CB74A4A00659FD8 /* MKBuildController.m */; };
		A038E3F01CB74A5600659FD8 /* MKBGMController.m in Sources */ = {isa = PBXBuildFile; fileRef = A038E3EF1CB74A5600659FD8 /* MKBGMController.m */; };
		A038E3F31CB74A6200659FD8 /* MKPersonController.m in Sources */ = {isa = PBXBuildFile; fileRef = A038E3F21CB74A6200659FD8 /* MKPersonController.m */; };
		A03ED7141CB391B700B6EF16 /* main.m in Sources */ = {isa = PBXBuildFile; fileRef = A03ED7131CB391B700B6EF16 /* main.m */; };
		A03ED7171CB391B700B6EF16 /* AppDelegate.m in Sources */ = {isa = PBXBuildFile; fileRef = A03ED7161CB391B700B6EF16 /* AppDelegate.m */; };
		A03ED71A1CB391B700B6EF16 /* ViewController.m in Sources */ = {isa = PBXBuildFile; fileRef = A03ED7191CB391B700B6EF16 /* ViewController.m */; };
		A03ED71D1CB391B700B6EF16 /* Main.storyboard in Resources */ = {isa = PBXBuildFile; fileRef = A03ED71B1CB391B700B6EF16 /* Main.storyboard */; };
		A03ED7201CB391B700B6EF16 /* CZMakeTee.xcdatamodeld in Sources */ = {isa = PBXBuildFile; fileRef = A03ED71E1CB391B700B6EF16 /* CZMakeTee.xcdatamodeld */; };
		A03ED7221CB391B700B6EF16 /* Assets.xcassets in Resources */ = {isa = PBXBuildFile; fileRef = A03ED7211CB391B700B6EF16 /* Assets.xcassets */; };
		A03ED7251CB391B700B6EF16 /* LaunchScreen.storyboard in Resources */ = {isa = PBXBuildFile; fileRef = A03ED7231CB391B700B6EF16 /* LaunchScreen.storyboard */; };
		A03ED7361CB399C200B6EF16 /* GlobalConst.m in Sources */ = {isa = PBXBuildFile; fileRef = A03ED7351CB399C200B6EF16 /* GlobalConst.m */; };
		A03ED7391CB39E3B00B6EF16 /* GlobalUIConst.m in Sources */ = {isa = PBXBuildFile; fileRef = A03ED7381CB39E3B00B6EF16 /* GlobalUIConst.m */; };
		A03ED73C1CB3A6BC00B6EF16 /* MKClass.m in Sources */ = {isa = PBXBuildFile; fileRef = A03ED73B1CB3A6BC00B6EF16 /* MKClass.m */; };
		A03ED73F1CB3A74700B6EF16 /* MKClassKind.m in Sources */ = {isa = PBXBuildFile; fileRef = A03ED73E1CB3A74700B6EF16 /* MKClassKind.m */; };
		A0C7EC1B1CB4AD2800357408 /* MKKind.m in Sources */ = {isa = PBXBuildFile; fileRef = A0C7EC1A1CB4AD2800357408 /* MKKind.m */; };
		A0C7EC1E1CB4B10A00357408 /* MKStep.m in Sources */ = {isa = PBXBuildFile; fileRef = A0C7EC1D1CB4B10A00357408 /* MKStep.m */; };
		A0C7EC221CB4FA1500357408 /* SwiftTestClass.swift in Sources */ = {isa = PBXBuildFile; fileRef = A0C7EC211CB4FA1500357408 /* SwiftTestClass.swift */; };
		A0F21D2E1CB656A600A9D51E /* MKPlan.m in Sources */ = {isa = PBXBuildFile; fileRef = A0F21D2D1CB656A600A9D51E /* MKPlan.m */; };
		A0F21D341CB656E700A9D51E /* MKBrand.m in Sources */ = {isa = PBXBuildFile; fileRef = A0F21D331CB656E700A9D51E /* MKBrand.m */; };
/* End PBXBuildFile section */

/* Begin PBXFileReference section */
		1CED850DC57184B240F87A26 /* Pods-CZMakeTee.debug.xcconfig */ = {isa = PBXFileReference; includeInIndex = 1; lastKnownFileType = text.xcconfig; name = "Pods-CZMakeTee.debug.xcconfig"; path = "Pods/Target Support Files/Pods-CZMakeTee/Pods-CZMakeTee.debug.xcconfig"; sourceTree = "<group>"; };
		3122313002242F357AB526FC /* Pods_CZMakeTee.framework */ = {isa = PBXFileReference; explicitFileType = wrapper.framework; includeInIndex = 0; path = Pods_CZMakeTee.framework; sourceTree = BUILT_PRODUCTS_DIR; };
		6664497BD8BE616130E1FEFC /* Pods-CZMakeTee.release.xcconfig */ = {isa = PBXFileReference; includeInIndex = 1; lastKnownFileType = text.xcconfig; name = "Pods-CZMakeTee.release.xcconfig"; path = "Pods/Target Support Files/Pods-CZMakeTee/Pods-CZMakeTee.release.xcconfig"; sourceTree = "<group>"; };
		A038E3D51CB743A800659FD8 /* MKHttpCode.h */ = {isa = PBXFileReference; fileEncoding = 4; lastKnownFileType = sourcecode.c.h; path = MKHttpCode.h; sourceTree = "<group>"; };
		A038E3D61CB743A800659FD8 /* MKHttpCode.m */ = {isa = PBXFileReference; fileEncoding = 4; lastKnownFileType = sourcecode.c.objc; path = MKHttpCode.m; sourceTree = "<group>"; };
		A038E3D81CB7469200659FD8 /* MKEncyInfo.h */ = {isa = PBXFileReference; fileEncoding = 4; lastKnownFileType = sourcecode.c.h; path = MKEncyInfo.h; sourceTree = "<group>"; };
		A038E3D91CB7469200659FD8 /* MKEncyInfo.m */ = {isa = PBXFileReference; fileEncoding = 4; lastKnownFileType = sourcecode.c.objc; path = MKEncyInfo.m; sourceTree = "<group>"; };
		A038E3DB1CB7490F00659FD8 /* MKRootTabBarController.h */ = {isa = PBXFileReference; fileEncoding = 4; lastKnownFileType = sourcecode.c.h; path = MKRootTabBarController.h; sourceTree = "<group>"; };
		A038E3DC1CB7490F00659FD8 /* MKRootTabBarController.m */ = {isa = PBXFileReference; fileEncoding = 4; lastKnownFileType = sourcecode.c.objc; path = MKRootTabBarController.m; sourceTree = "<group>"; };
		A038E3E51CB74A2700659FD8 /* MKKnowledgeController.h */ = {isa = PBXFileReference; fileEncoding = 4; lastKnownFileType = sourcecode.c.h; path = MKKnowledgeController.h; sourceTree = "<group>"; };
		A038E3E61CB74A2700659FD8 /* MKKnowledgeController.m */ = {isa = PBXFileReference; fileEncoding = 4; lastKnownFileType = sourcecode.c.objc; path = MKKnowledgeController.m; sourceTree = "<group>"; };
		A038E3E81CB74A3600659FD8 /* MKRecordController.h */ = {isa = PBXFileReference; fileEncoding = 4; lastKnownFileType = sourcecode.c.h; path = MKRecordController.h; sourceTree = "<group>"; };
		A038E3E91CB74A3600659FD8 /* MKRecordController.m */ = {isa = PBXFileReference; fileEncoding = 4; lastKnownFileType = sourcecode.c.objc; path = MKRecordController.m; sourceTree = "<group>"; };
		A038E3EB1CB74A4A00659FD8 /* MKBuildController.h */ = {isa = PBXFileReference; fileEncoding = 4; lastKnownFileType = sourcecode.c.h; path = MKBuildController.h; sourceTree = "<group>"; };
		A038E3EC1CB74A4A00659FD8 /* MKBuildController.m */ = {isa = PBXFileReference; fileEncoding = 4; lastKnownFileType = sourcecode.c.objc; path = MKBuildController.m; sourceTree = "<group>"; };
		A038E3EE1CB74A5600659FD8 /* MKBGMController.h */ = {isa = PBXFileReference; fileEncoding = 4; lastKnownFileType = sourcecode.c.h; path = MKBGMController.h; sourceTree = "<group>"; };
		A038E3EF1CB74A5600659FD8 /* MKBGMController.m */ = {isa = PBXFileReference; fileEncoding = 4; lastKnownFileType = sourcecode.c.objc; path = MKBGMController.m; sourceTree = "<group>"; };
		A038E3F11CB74A6200659FD8 /* MKPersonController.h */ = {isa = PBXFileReference; fileEncoding = 4; lastKnownFileType = sourcecode.c.h; path = MKPersonController.h; sourceTree = "<group>"; };
		A038E3F21CB74A6200659FD8 /* MKPersonController.m */ = {isa = PBXFileReference; fileEncoding = 4; lastKnownFileType = sourcecode.c.objc; path = MKPersonController.m; sourceTree = "<group>"; };
		A03ED70F1CB391B700B6EF16 /* CZMakeTee.app */ = {isa = PBXFileReference; explicitFileType = wrapper.application; includeInIndex = 0; path = CZMakeTee.app; sourceTree = BUILT_PRODUCTS_DIR; };
		A03ED7131CB391B700B6EF16 /* main.m */ = {isa = PBXFileReference; lastKnownFileType = sourcecode.c.objc; path = main.m; sourceTree = "<group>"; };
		A03ED7151CB391B700B6EF16 /* AppDelegate.h */ = {isa = PBXFileReference; lastKnownFileType = sourcecode.c.h; path = AppDelegate.h; sourceTree = "<group>"; };
		A03ED7161CB391B700B6EF16 /* AppDelegate.m */ = {isa = PBXFileReference; lastKnownFileType = sourcecode.c.objc; path = AppDelegate.m; sourceTree = "<group>"; };
		A03ED7181CB391B700B6EF16 /* ViewController.h */ = {isa = PBXFileReference; lastKnownFileType = sourcecode.c.h; path = ViewController.h; sourceTree = "<group>"; };
		A03ED7191CB391B700B6EF16 /* ViewController.m */ = {isa = PBXFileReference; lastKnownFileType = sourcecode.c.objc; path = ViewController.m; sourceTree = "<group>"; };
		A03ED71C1CB391B700B6EF16 /* Base */ = {isa = PBXFileReference; lastKnownFileType = file.storyboard; name = Base; path = Base.lproj/Main.storyboard; sourceTree = "<group>"; };
		A03ED71F1CB391B700B6EF16 /* CZMakeTee.xcdatamodel */ = {isa = PBXFileReference; lastKnownFileType = wrapper.xcdatamodel; path = CZMakeTee.xcdatamodel; sourceTree = "<group>"; };
		A03ED7211CB391B700B6EF16 /* Assets.xcassets */ = {isa = PBXFileReference; lastKnownFileType = folder.assetcatalog; path = Assets.xcassets; sourceTree = "<group>"; };
		A03ED7241CB391B700B6EF16 /* Base */ = {isa = PBXFileReference; lastKnownFileType = file.storyboard; name = Base; path = Base.lproj/LaunchScreen.storyboard; sourceTree = "<group>"; };
		A03ED7261CB391B700B6EF16 /* Info.plist */ = {isa = PBXFileReference; lastKnownFileType = text.plist.xml; path = Info.plist; sourceTree = "<group>"; };
		A03ED7351CB399C200B6EF16 /* GlobalConst.m */ = {isa = PBXFileReference; fileEncoding = 4; lastKnownFileType = sourcecode.c.objc; path = GlobalConst.m; sourceTree = "<group>"; };
		A03ED7371CB39E3B00B6EF16 /* GlobalUIConst.h */ = {isa = PBXFileReference; fileEncoding = 4; lastKnownFileType = sourcecode.c.h; path = GlobalUIConst.h; sourceTree = "<group>"; };
		A03ED7381CB39E3B00B6EF16 /* GlobalUIConst.m */ = {isa = PBXFileReference; fileEncoding = 4; lastKnownFileType = sourcecode.c.objc; path = GlobalUIConst.m; sourceTree = "<group>"; };
		A03ED73A1CB3A6BC00B6EF16 /* MKClass.h */ = {isa = PBXFileReference; fileEncoding = 4; lastKnownFileType = sourcecode.c.h; path = MKClass.h; sourceTree = "<group>"; };
		A03ED73B1CB3A6BC00B6EF16 /* MKClass.m */ = {isa = PBXFileReference; fileEncoding = 4; lastKnownFileType = sourcecode.c.objc; path = MKClass.m; sourceTree = "<group>"; };
		A03ED73D1CB3A74700B6EF16 /* MKClassKind.h */ = {isa = PBXFileReference; fileEncoding = 4; lastKnownFileType = sourcecode.c.h; path = MKClassKind.h; sourceTree = "<group>"; };
		A03ED73E1CB3A74700B6EF16 /* MKClassKind.m */ = {isa = PBXFileReference; fileEncoding = 4; lastKnownFileType = sourcecode.c.objc; path = MKClassKind.m; sourceTree = "<group>"; };
		A0C7EC191CB4AD2800357408 /* MKKind.h */ = {isa = PBXFileReference; fileEncoding = 4; lastKnownFileType = sourcecode.c.h; path = MKKind.h; sourceTree = "<group>"; };
		A0C7EC1A1CB4AD2800357408 /* MKKind.m */ = {isa = PBXFileReference; fileEncoding = 4; lastKnownFileType = sourcecode.c.objc; path = MKKind.m; sourceTree = "<group>"; };
		A0C7EC1C1CB4B10A00357408 /* MKStep.h */ = {isa = PBXFileReference; fileEncoding = 4; lastKnownFileType = sourcecode.c.h; path = MKStep.h; sourceTree = "<group>"; };
		A0C7EC1D1CB4B10A00357408 /* MKStep.m */ = {isa = PBXFileReference; fileEncoding = 4; lastKnownFileType = sourcecode.c.objc; path = MKStep.m; sourceTree = "<group>"; };
		A0C7EC201CB4FA1400357408 /* CZMakeTee-Bridging-Header.h */ = {isa = PBXFileReference; lastKnownFileType = sourcecode.c.h; path = "CZMakeTee-Bridging-Header.h"; sourceTree = "<group>"; };
		A0C7EC211CB4FA1500357408 /* SwiftTestClass.swift */ = {isa = PBXFileReference; fileEncoding = 4; lastKnownFileType = sourcecode.swift; path = SwiftTestClass.swift; sourceTree = "<group>"; };
		A0F21D2C1CB656A600A9D51E /* MKPlan.h */ = {isa = PBXFileReference; fileEncoding = 4; lastKnownFileType = sourcecode.c.h; path = MKPlan.h; sourceTree = "<group>"; };
		A0F21D2D1CB656A600A9D51E /* MKPlan.m */ = {isa = PBXFileReference; fileEncoding = 4; lastKnownFileType = sourcecode.c.objc; path = MKPlan.m; sourceTree = "<group>"; };
		A0F21D321CB656E700A9D51E /* MKBrand.h */ = {isa = PBXFileReference; fileEncoding = 4; lastKnownFileType = sourcecode.c.h; path = MKBrand.h; sourceTree = "<group>"; };
		A0F21D331CB656E700A9D51E /* MKBrand.m */ = {isa = PBXFileReference; fileEncoding = 4; lastKnownFileType = sourcecode.c.objc; path = MKBrand.m; sourceTree = "<group>"; };
/* End PBXFileReference section */

/* Begin PBXFrameworksBuildPhase section */
		A03ED70C1CB391B700B6EF16 /* Frameworks */ = {
			isa = PBXFrameworksBuildPhase;
			buildActionMask = 2147483647;
			files = (
				97F53F56100FE942A5F2CC9D /* Pods_CZMakeTee.framework in Frameworks */,
			);
			runOnlyForDeploymentPostprocessing = 0;
		};
/* End PBXFrameworksBuildPhase section */

/* Begin PBXGroup section */
		6C2C461D8AAEA1968FB24190 /* Frameworks */ = {
			isa = PBXGroup;
			children = (
				3122313002242F357AB526FC /* Pods_CZMakeTee.framework */,
			);
			name = Frameworks;
			sourceTree = "<group>";
		};
		A038E3DE1CB7491E00659FD8 /* system file */ = {
			isa = PBXGroup;
			children = (
				A03ED7151CB391B700B6EF16 /* AppDelegate.h */,
				A03ED7161CB391B700B6EF16 /* AppDelegate.m */,
			);
			name = "system file";
			sourceTree = "<group>";
		};
		A038E3DF1CB7494B00659FD8 /* branch controller */ = {
			isa = PBXGroup;
			children = (
				A038E3DB1CB7490F00659FD8 /* MKRootTabBarController.h */,
				A038E3DC1CB7490F00659FD8 /* MKRootTabBarController.m */,
				A038E3E01CB7497500659FD8 /* Knowledge */,
				A038E3E11CB7499200659FD8 /* Record */,
				A038E3E21CB7499D00659FD8 /* Build */,
				A038E3E31CB749C400659FD8 /* BGM */,
				A038E3E41CB749CB00659FD8 /* Person */,
			);
			name = "branch controller";
			sourceTree = "<group>";
		};
		A038E3E01CB7497500659FD8 /* Knowledge */ = {
			isa = PBXGroup;
			children = (
				A038E3E51CB74A2700659FD8 /* MKKnowledgeController.h */,
				A038E3E61CB74A2700659FD8 /* MKKnowledgeController.m */,
			);
			name = Knowledge;
			sourceTree = "<group>";
		};
		A038E3E11CB7499200659FD8 /* Record */ = {
			isa = PBXGroup;
			children = (
				A038E3E81CB74A3600659FD8 /* MKRecordController.h */,
				A038E3E91CB74A3600659FD8 /* MKRecordController.m */,
			);
			name = Record;
			sourceTree = "<group>";
		};
		A038E3E21CB7499D00659FD8 /* Build */ = {
			isa = PBXGroup;
			children = (
				A038E3EB1CB74A4A00659FD8 /* MKBuildController.h */,
				A038E3EC1CB74A4A00659FD8 /* MKBuildController.m */,
			);
			name = Build;
			sourceTree = "<group>";
		};
		A038E3E31CB749C400659FD8 /* BGM */ = {
			isa = PBXGroup;
			children = (
				A038E3EE1CB74A5600659FD8 /* MKBGMController.h */,
				A038E3EF1CB74A5600659FD8 /* MKBGMController.m */,
			);
			name = BGM;
			sourceTree = "<group>";
		};
		A038E3E41CB749CB00659FD8 /* Person */ = {
			isa = PBXGroup;
			children = (
				A038E3F11CB74A6200659FD8 /* MKPersonController.h */,
				A038E3F21CB74A6200659FD8 /* MKPersonController.m */,
			);
			name = Person;
			sourceTree = "<group>";
		};
		A03ED7061CB391B700B6EF16 = {
			isa = PBXGroup;
			children = (
				A03ED7111CB391B700B6EF16 /* CZMakeTee */,
				A03ED7101CB391B700B6EF16 /* Products */,
				FEFDC54AF0EF76444430F636 /* Pods */,
				6C2C461D8AAEA1968FB24190 /* Frameworks */,
			);
			sourceTree = "<group>";
		};
		A03ED7101CB391B700B6EF16 /* Products */ = {
			isa = PBXGroup;
			children = (
				A03ED70F1CB391B700B6EF16 /* CZMakeTee.app */,
			);
			name = Products;
			sourceTree = "<group>";
		};
		A03ED7111CB391B700B6EF16 /* CZMakeTee */ = {
			isa = PBXGroup;
			children = (
				A0C7EC1F1CB4FA0000357408 /* test */,
				A03ED72E1CB391F400B6EF16 /* Plug-ins */,
				A03ED72D1CB391F100B6EF16 /* Global Var */,
				A03ED72C1CB391CB00B6EF16 /* Class */,
				A038E3DE1CB7491E00659FD8 /* system file */,
				A038E3DF1CB7494B00659FD8 /* branch controller */,
				A03ED7181CB391B700B6EF16 /* ViewController.h */,
				A03ED7191CB391B700B6EF16 /* ViewController.m */,
				A03ED71B1CB391B700B6EF16 /* Main.storyboard */,
				A03ED7211CB391B700B6EF16 /* Assets.xcassets */,
				A03ED7231CB391B700B6EF16 /* LaunchScreen.storyboard */,
				A03ED7261CB391B700B6EF16 /* Info.plist */,
				A03ED71E1CB391B700B6EF16 /* CZMakeTee.xcdatamodeld */,
				A03ED7121CB391B700B6EF16 /* Supporting Files */,
			);
			path = CZMakeTee;
			sourceTree = "<group>";
		};
		A03ED7121CB391B700B6EF16 /* Supporting Files */ = {
			isa = PBXGroup;
			children = (
				A03ED7131CB391B700B6EF16 /* main.m */,
			);
			name = "Supporting Files";
			sourceTree = "<group>";
		};
		A03ED72C1CB391CB00B6EF16 /* Class */ = {
			isa = PBXGroup;
			children = (
				A03ED73D1CB3A74700B6EF16 /* MKClassKind.h */,
				A03ED73E1CB3A74700B6EF16 /* MKClassKind.m */,
				A03ED73A1CB3A6BC00B6EF16 /* MKClass.h */,
				A03ED73B1CB3A6BC00B6EF16 /* MKClass.m */,
				A0C7EC191CB4AD2800357408 /* MKKind.h */,
				A0C7EC1A1CB4AD2800357408 /* MKKind.m */,
				A0F21D321CB656E700A9D51E /* MKBrand.h */,
				A0F21D331CB656E700A9D51E /* MKBrand.m */,
				A0C7EC1C1CB4B10A00357408 /* MKStep.h */,
				A0C7EC1D1CB4B10A00357408 /* MKStep.m */,
				A0F21D2C1CB656A600A9D51E /* MKPlan.h */,
				A0F21D2D1CB656A600A9D51E /* MKPlan.m */,
				A038E3D51CB743A800659FD8 /* MKHttpCode.h */,
				A038E3D61CB743A800659FD8 /* MKHttpCode.m */,
				A038E3D81CB7469200659FD8 /* MKEncyInfo.h */,
				A038E3D91CB7469200659FD8 /* MKEncyInfo.m */,
			);
			name = Class;
			sourceTree = "<group>";
		};
		A03ED72D1CB391F100B6EF16 /* Global Var */ = {
			isa = PBXGroup;
			children = (
				A03ED7351CB399C200B6EF16 /* GlobalConst.m */,
				A03ED7371CB39E3B00B6EF16 /* GlobalUIConst.h */,
				A03ED7381CB39E3B00B6EF16 /* GlobalUIConst.m */,
			);
			name = "Global Var";
			sourceTree = "<group>";
		};
		A03ED72E1CB391F400B6EF16 /* Plug-ins */ = {
			isa = PBXGroup;
			children = (
			);
			name = "Plug-ins";
			sourceTree = "<group>";
		};
		A0C7EC1F1CB4FA0000357408 /* test */ = {
			isa = PBXGroup;
			children = (
				A0C7EC211CB4FA1500357408 /* SwiftTestClass.swift */,
				A0C7EC201CB4FA1400357408 /* CZMakeTee-Bridging-Header.h */,
			);
			name = test;
			sourceTree = "<group>";
		};
		FEFDC54AF0EF76444430F636 /* Pods */ = {
			isa = PBXGroup;
			children = (
				1CED850DC57184B240F87A26 /* Pods-CZMakeTee.debug.xcconfig */,
				6664497BD8BE616130E1FEFC /* Pods-CZMakeTee.release.xcconfig */,
			);
			name = Pods;
			sourceTree = "<group>";
		};
/* End PBXGroup section */

/* Begin PBXNativeTarget section */
		A03ED70E1CB391B700B6EF16 /* CZMakeTee */ = {
			isa = PBXNativeTarget;
			buildConfigurationList = A03ED7291CB391B700B6EF16 /* Build configuration list for PBXNativeTarget "CZMakeTee" */;
			buildPhases = (
				5E68D0FE75029896A9B82F9F /* Check Pods Manifest.lock */,
				A03ED70B1CB391B700B6EF16 /* Sources */,
				A03ED70C1CB391B700B6EF16 /* Frameworks */,
				A03ED70D1CB391B700B6EF16 /* Resources */,
				24E4A4451E23B3FE99B183A4 /* Embed Pods Frameworks */,
				FE009F2462578B74A6BE0226 /* Copy Pods Resources */,
			);
			buildRules = (
			);
			dependencies = (
			);
			name = CZMakeTee;
			productName = CZMakeTee;
			productReference = A03ED70F1CB391B700B6EF16 /* CZMakeTee.app */;
			productType = "com.apple.product-type.application";
		};
/* End PBXNativeTarget section */

/* Begin PBXProject section */
		A03ED7071CB391B700B6EF16 /* Project object */ = {
			isa = PBXProject;
			attributes = {
				LastUpgradeCheck = 0730;
				ORGANIZATIONNAME = Cui;
				TargetAttributes = {
					A03ED70E1CB391B700B6EF16 = {
						CreatedOnToolsVersion = 7.3;
					};
				};
			};
			buildConfigurationList = A03ED70A1CB391B700B6EF16 /* Build configuration list for PBXProject "CZMakeTee" */;
			compatibilityVersion = "Xcode 3.2";
			developmentRegion = English;
			hasScannedForEncodings = 0;
			knownRegions = (
				en,
				Base,
			);
			mainGroup = A03ED7061CB391B700B6EF16;
			productRefGroup = A03ED7101CB391B700B6EF16 /* Products */;
			projectDirPath = "";
			projectRoot = "";
			targets = (
				A03ED70E1CB391B700B6EF16 /* CZMakeTee */,
			);
		};
/* End PBXProject section */

/* Begin PBXResourcesBuildPhase section */
		A03ED70D1CB391B700B6EF16 /* Resources */ = {
			isa = PBXResourcesBuildPhase;
			buildActionMask = 2147483647;
			files = (
				A03ED7251CB391B700B6EF16 /* LaunchScreen.storyboard in Resources */,
				A03ED7221CB391B700B6EF16 /* Assets.xcassets in Resources */,
				A03ED71D1CB391B700B6EF16 /* Main.storyboard in Resources */,
			);
			runOnlyForDeploymentPostprocessing = 0;
		};
/* End PBXResourcesBuildPhase section */

/* Begin PBXShellScriptBuildPhase section */
		24E4A4451E23B3FE99B183A4 /* Embed Pods Frameworks */ = {
			isa = PBXShellScriptBuildPhase;
			buildActionMask = 2147483647;
			files = (
			);
			inputPaths = (
			);
			name = "Embed Pods Frameworks";
			outputPaths = (
			);
			runOnlyForDeploymentPostprocessing = 0;
			shellPath = /bin/sh;
			shellScript = "\"${SRCROOT}/Pods/Target Support Files/Pods-CZMakeTee/Pods-CZMakeTee-frameworks.sh\"\n";
			showEnvVarsInLog = 0;
		};
		5E68D0FE75029896A9B82F9F /* Check Pods Manifest.lock */ = {
			isa = PBXShellScriptBuildPhase;
			buildActionMask = 2147483647;
			files = (
			);
			inputPaths = (
			);
			name = "Check Pods Manifest.lock";
			outputPaths = (
			);
			runOnlyForDeploymentPostprocessing = 0;
			shellPath = /bin/sh;
			shellScript = "diff \"${PODS_ROOT}/../Podfile.lock\" \"${PODS_ROOT}/Manifest.lock\" > /dev/null\nif [[ $? != 0 ]] ; then\n    cat << EOM\nerror: The sandbox is not in sync with the Podfile.lock. Run 'pod install' or update your CocoaPods installation.\nEOM\n    exit 1\nfi\n";
			showEnvVarsInLog = 0;
		};
		FE009F2462578B74A6BE0226 /* Copy Pods Resources */ = {
			isa = PBXShellScriptBuildPhase;
			buildActionMask = 2147483647;
			files = (
			);
			inputPaths = (
			);
			name = "Copy Pods Resources";
			outputPaths = (
			);
			runOnlyForDeploymentPostprocessing = 0;
			shellPath = /bin/sh;
			shellScript = "\"${SRCROOT}/Pods/Target Support Files/Pods-CZMakeTee/Pods-CZMakeTee-resources.sh\"\n";
			showEnvVarsInLog = 0;
		};
/* End PBXShellScriptBuildPhase section */

/* Begin PBXSourcesBuildPhase section */
		A03ED70B1CB391B700B6EF16 /* Sources */ = {
			isa = PBXSourcesBuildPhase;
			buildActionMask = 2147483647;
			files = (
				A03ED7391CB39E3B00B6EF16 /* GlobalUIConst.m in Sources */,
				A038E3F31CB74A6200659FD8 /* MKPersonController.m in Sources */,
				A038E3E71CB74A2700659FD8 /* MKKnowledgeController.m in Sources */,
				A03ED71A1CB391B700B6EF16 /* ViewController.m in Sources */,
				A038E3D71CB743A800659FD8 /* MKHttpCode.m in Sources */,
				A03ED7171CB391B700B6EF16 /* AppDelegate.m in Sources */,
				A0C7EC221CB4FA1500357408 /* SwiftTestClass.swift in Sources */,
				A0C7EC1E1CB4B10A00357408 /* MKStep.m in Sources */,
				A0F21D341CB656E700A9D51E /* MKBrand.m in Sources */,
				A0C7EC1B1CB4AD2800357408 /* MKKind.m in Sources */,
				A03ED7141CB391B700B6EF16 /* main.m in Sources */,
				A038E3F01CB74A5600659FD8 /* MKBGMController.m in Sources */,
				A038E3ED1CB74A4A00659FD8 /* MKBuildController.m in Sources */,
				A038E3EA1CB74A3600659FD8 /* MKRecordController.m in Sources */,
				A038E3DA1CB7469200659FD8 /* MKEncyInfo.m in Sources */,
				A03ED73F1CB3A74700B6EF16 /* MKClassKind.m in Sources */,
				A03ED7201CB391B700B6EF16 /* CZMakeTee.xcdatamodeld in Sources */,
				A03ED7361CB399C200B6EF16 /* GlobalConst.m in Sources */,
				A0F21D2E1CB656A600A9D51E /* MKPlan.m in Sources */,
				A03ED73C1CB3A6BC00B6EF16 /* MKClass.m in Sources */,
				A038E3DD1CB7490F00659FD8 /* MKRootTabBarController.m in Sources */,
			);
			runOnlyForDeploymentPostprocessing = 0;
		};
/* End PBXSourcesBuildPhase section */

/* Begin PBXVariantGroup section */
		A03ED71B1CB391B700B6EF16 /* Main.storyboard */ = {
			isa = PBXVariantGroup;
			children = (
				A03ED71C1CB391B700B6EF16 /* Base */,
			);
			name = Main.storyboard;
			sourceTree = "<group>";
		};
		A03ED7231CB391B700B6EF16 /* LaunchScreen.storyboard */ = {
			isa = PBXVariantGroup;
			children = (
				A03ED7241CB391B700B6EF16 /* Base */,
			);
			name = LaunchScreen.storyboard;
			sourceTree = "<group>";
		};
/* End PBXVariantGroup section */

/* Begin XCBuildConfiguration section */
		A03ED7271CB391B700B6EF16 /* Debug */ = {
			isa = XCBuildConfiguration;
			buildSettings = {
				ALWAYS_SEARCH_USER_PATHS = NO;
				CLANG_ANALYZER_NONNULL = YES;
				CLANG_CXX_LANGUAGE_STANDARD = "gnu++0x";
				CLANG_CXX_LIBRARY = "libc++";
				CLANG_ENABLE_MODULES = YES;
				CLANG_ENABLE_OBJC_ARC = YES;
				CLANG_WARN_BOOL_CONVERSION = YES;
				CLANG_WARN_CONSTANT_CONVERSION = YES;
				CLANG_WARN_DIRECT_OBJC_ISA_USAGE = YES_ERROR;
				CLANG_WARN_EMPTY_BODY = YES;
				CLANG_WARN_ENUM_CONVERSION = YES;
				CLANG_WARN_INT_CONVERSION = YES;
				CLANG_WARN_OBJC_ROOT_CLASS = YES_ERROR;
				CLANG_WARN_UNREACHABLE_CODE = YES;
				CLANG_WARN__DUPLICATE_METHOD_MATCH = YES;
				"CODE_SIGN_IDENTITY[sdk=iphoneos*]" = "iPhone Developer";
				COPY_PHASE_STRIP = NO;
				DEBUG_INFORMATION_FORMAT = dwarf;
				ENABLE_STRICT_OBJC_MSGSEND = YES;
				ENABLE_TESTABILITY = YES;
				GCC_C_LANGUAGE_STANDARD = gnu99;
				GCC_DYNAMIC_NO_PIC = NO;
				GCC_NO_COMMON_BLOCKS = YES;
				GCC_OPTIMIZATION_LEVEL = 0;
				GCC_PREPROCESSOR_DEFINITIONS = (
					"DEBUG=1",
					"$(inherited)",
				);
				GCC_WARN_64_TO_32_BIT_CONVERSION = YES;
				GCC_WARN_ABOUT_RETURN_TYPE = YES_ERROR;
				GCC_WARN_UNDECLARED_SELECTOR = YES;
				GCC_WARN_UNINITIALIZED_AUTOS = YES_AGGRESSIVE;
				GCC_WARN_UNUSED_FUNCTION = YES;
				GCC_WARN_UNUSED_VARIABLE = YES;
				IPHONEOS_DEPLOYMENT_TARGET = 8.1;
				MTL_ENABLE_DEBUG_INFO = YES;
				ONLY_ACTIVE_ARCH = YES;
				SDKROOT = iphoneos;
			};
			name = Debug;
		};
		A03ED7281CB391B700B6EF16 /* Release */ = {
			isa = XCBuildConfiguration;
			buildSettings = {
				ALWAYS_SEARCH_USER_PATHS = NO;
				CLANG_ANALYZER_NONNULL = YES;
				CLANG_CXX_LANGUAGE_STANDARD = "gnu++0x";
				CLANG_CXX_LIBRARY = "libc++";
				CLANG_ENABLE_MODULES = YES;
				CLANG_ENABLE_OBJC_ARC = YES;
				CLANG_WARN_BOOL_CONVERSION = YES;
				CLANG_WARN_CONSTANT_CONVERSION = YES;
				CLANG_WARN_DIRECT_OBJC_ISA_USAGE = YES_ERROR;
				CLANG_WARN_EMPTY_BODY = YES;
				CLANG_WARN_ENUM_CONVERSION = YES;
				CLANG_WARN_INT_CONVERSION = YES;
				CLANG_WARN_OBJC_ROOT_CLASS = YES_ERROR;
				CLANG_WARN_UNREACHABLE_CODE = YES;
				CLANG_WARN__DUPLICATE_METHOD_MATCH = YES;
				"CODE_SIGN_IDENTITY[sdk=iphoneos*]" = "iPhone Developer";
				COPY_PHASE_STRIP = NO;
				DEBUG_INFORMATION_FORMAT = "dwarf-with-dsym";
				ENABLE_NS_ASSERTIONS = NO;
				ENABLE_STRICT_OBJC_MSGSEND = YES;
				GCC_C_LANGUAGE_STANDARD = gnu99;
				GCC_NO_COMMON_BLOCKS = YES;
				GCC_WARN_64_TO_32_BIT_CONVERSION = YES;
				GCC_WARN_ABOUT_RETURN_TYPE = YES_ERROR;
				GCC_WARN_UNDECLARED_SELECTOR = YES;
				GCC_WARN_UNINITIALIZED_AUTOS = YES_AGGRESSIVE;
				GCC_WARN_UNUSED_FUNCTION = YES;
				GCC_WARN_UNUSED_VARIABLE = YES;
				IPHONEOS_DEPLOYMENT_TARGET = 8.1;
				MTL_ENABLE_DEBUG_INFO = NO;
				SDKROOT = iphoneos;
				VALIDATE_PRODUCT = YES;
			};
			name = Release;
		};
		A03ED72A1CB391B700B6EF16 /* Debug */ = {
			isa = XCBuildConfiguration;
			baseConfigurationReference = 1CED850DC57184B240F87A26 /* Pods-CZMakeTee.debug.xcconfig */;
			buildSettings = {
				ASSETCATALOG_COMPILER_APPICON_NAME = AppIcon;
				CLANG_ENABLE_MODULES = YES;
				INFOPLIST_FILE = CZMakeTee/Info.plist;
				IPHONEOS_DEPLOYMENT_TARGET = 8.1;
				LD_RUNPATH_SEARCH_PATHS = "$(inherited) @executable_path/Frameworks";
				PRODUCT_BUNDLE_IDENTIFIER = com.gongfupao.maketea.CZMakeTee;
				PRODUCT_NAME = "$(TARGET_NAME)";
				SWIFT_OBJC_BRIDGING_HEADER = "CZMakeTee/CZMakeTee-Bridging-Header.h";
				SWIFT_OPTIMIZATION_LEVEL = "-Onone";
			};
			name = Debug;
		};
		A03ED72B1CB391B700B6EF16 /* Release */ = {
			isa = XCBuildConfiguration;
			baseConfigurationReference = 6664497BD8BE616130E1FEFC /* Pods-CZMakeTee.release.xcconfig */;
			buildSettings = {
				ASSETCATALOG_COMPILER_APPICON_NAME = AppIcon;
				CLANG_ENABLE_MODULES = YES;
				INFOPLIST_FILE = CZMakeTee/Info.plist;
				IPHONEOS_DEPLOYMENT_TARGET = 8.1;
				LD_RUNPATH_SEARCH_PATHS = "$(inherited) @executable_path/Frameworks";
				PRODUCT_BUNDLE_IDENTIFIER = com.gongfupao.maketea.CZMakeTee;
				PRODUCT_NAME = "$(TARGET_NAME)";
				SWIFT_OBJC_BRIDGING_HEADER = "CZMakeTee/CZMakeTee-Bridging-Header.h";
			};
			name = Release;
		};
/* End XCBuildConfiguration section */

/* Begin XCConfigurationList section */
		A03ED70A1CB391B700B6EF16 /* Build configuration list for PBXProject "CZMakeTee" */ = {
			isa = XCConfigurationList;
			buildConfigurations = (
				A03ED7271CB391B700B6EF16 /* Debug */,
				A03ED7281CB391B700B6EF16 /* Release */,
			);
			defaultConfigurationIsVisible = 0;
			defaultConfigurationName = Release;
		};
		A03ED7291CB391B700B6EF16 /* Build configuration list for PBXNativeTarget "CZMakeTee" */ = {
			isa = XCConfigurationList;
			buildConfigurations = (
				A03ED72A1CB391B700B6EF16 /* Debug */,
				A03ED72B1CB391B700B6EF16 /* Release */,
			);
			defaultConfigurationIsVisible = 0;
			defaultConfigurationName = Release;
		};
/* End XCConfigurationList section */

/* Begin XCVersionGroup section */
		A03ED71E1CB391B700B6EF16 /* CZMakeTee.xcdatamodeld */ = {
			isa = XCVersionGroup;
			children = (
				A03ED71F1CB391B700B6EF16 /* CZMakeTee.xcdatamodel */,
			);
			currentVersion = A03ED71F1CB391B700B6EF16 /* CZMakeTee.xcdatamodel */;
			path = CZMakeTee.xcdatamodeld;
			sourceTree = "<group>";
			versionGroupType = wrapper.xcdatamodel;
		};
/* End XCVersionGroup section */
	};
	rootObject = A03ED7071CB391B700B6EF16 /* Project object */;
}
