// !$*UTF8*$!
{
	archiveVersion = 1;
	classes = {
	};
	objectVersion = 46;
	objects = {

/* Begin PBXBuildFile section */
		A03ED7141CB391B700B6EF16 /* main.m in Sources */ = {isa = PBXBuildFile; fileRef = A03ED7131CB391B700B6EF16 /* main.m */; };
		A03ED7171CB391B700B6EF16 /* AppDelegate.m in Sources */ = {isa = PBXBuildFile; fileRef = A03ED7161CB391B700B6EF16 /* AppDelegate.m */; };
		A03ED71A1CB391B700B6EF16 /* ViewController.m in Sources */ = {isa = PBXBuildFile; fileRef = A03ED7191CB391B700B6EF16 /* ViewController.m */; };
		A03ED71D1CB391B700B6EF16 /* Main.storyboard in Resources */ = {isa = PBXBuildFile; fileRef = A03ED71B1CB391B700B6EF16 /* Main.storyboard */; };
		A03ED7201CB391B700B6EF16 /* CZMakeTee.xcdatamodeld in Sources */ = {isa = PBXBuildFile; fileRef = A03ED71E1CB391B700B6EF16 /* CZMakeTee.xcdatamodeld */; };
		A03ED7221CB391B700B6EF16 /* Assets.xcassets in Resources */ = {isa = PBXBuildFile; fileRef = A03ED7211CB391B700B6EF16 /* Assets.xcassets */; };
		A03ED7251CB391B700B6EF16 /* LaunchScreen.storyboard in Resources */ = {isa = PBXBuildFile; fileRef = A03ED7231CB391B700B6EF16 /* LaunchScreen.storyboard */; };
		A03ED7361CB399C200B6EF16 /* GlobalConst.m in Sources */ = {isa = PBXBuildFile; fileRef = A03ED7351CB399C200B6EF16 /* GlobalConst.m */; };
		A03ED7391CB39E3B00B6EF16 /* GlobalUIConst.m in Sources */ = {isa = PBXBuildFile; fileRef = A03ED7381CB39E3B00B6EF16 /* GlobalUIConst.m */; };
		A03ED73C1CB3A6BC00B6EF16 /* MKClass.m in Sources */ = {isa = PBXBuildFile; fileRef = A03ED73B1CB3A6BC00B6EF16 /* MKClass.m */; };
		A03ED73F1CB3A74700B6EF16 /* MKClassKind.m in Sources */ = {isa = PBXBuildFile; fileRef = A03ED73E1CB3A74700B6EF16 /* MKClassKind.m */; };
/* End PBXBuildFile section */

/* Begin PBXFileReference section */
		A03ED70F1CB391B700B6EF16 /* CZMakeTee.app */ = {isa = PBXFileReference; explicitFileType = wrapper.application; includeInIndex = 0; path = CZMakeTee.app; sourceTree = BUILT_PRODUCTS_DIR; };
		A03ED7131CB391B700B6EF16 /* main.m */ = {isa = PBXFileReference; lastKnownFileType = sourcecode.c.objc; path = main.m; sourceTree = "<group>"; };
		A03ED7151CB391B700B6EF16 /* AppDelegate.h */ = {isa = PBXFileReference; lastKnownFileType = sourcecode.c.h; path = AppDelegate.h; sourceTree = "<group>"; };
		A03ED7161CB391B700B6EF16 /* AppDelegate.m */ = {isa = PBXFileReference; lastKnownFileType = sourcecode.c.objc; path = AppDelegate.m; sourceTree = "<group>"; };
		A03ED7181CB391B700B6EF16 /* ViewController.h */ = {isa = PBXFileReference; lastKnownFileType = sourcecode.c.h; path = ViewController.h; sourceTree = "<group>"; };
		A03ED7191CB391B700B6EF16 /* ViewController.m */ = {isa = PBXFileReference; lastKnownFileType = sourcecode.c.objc; path = ViewController.m; sourceTree = "<group>"; };
		A03ED71C1CB391B700B6EF16 /* Base */ = {isa = PBXFileReference; lastKnownFileType = file.storyboard; name = Base; path = Base.lproj/Main.storyboard; sourceTree = "<group>"; };
		A03ED71F1CB391B700B6EF16 /* CZMakeTee.xcdatamodel */ = {isa = PBXFileReference; lastKnownFileType = wrapper.xcdatamodel; path = CZMakeTee.xcdatamodel; sourceTree = "<group>"; };
		A03ED7211CB391B700B6EF16 /* Assets.xcassets */ = {isa = PBXFileReference; lastKnownFileType = folder.assetcatalog; path = Assets.xcassets; sourceTree = "<group>"; };
		A03ED7241CB391B700B6EF16 /* Base */ = {isa = PBXFileReference; lastKnownFileType = file.storyboard; name = Base; path = Base.lproj/LaunchScreen.storyboard; sourceTree = "<group>"; };
		A03ED7261CB391B700B6EF16 /* Info.plist */ = {isa = PBXFileReference; lastKnownFileType = text.plist.xml; path = Info.plist; sourceTree = "<group>"; };
		A03ED7351CB399C200B6EF16 /* GlobalConst.m */ = {isa = PBXFileReference; fileEncoding = 4; lastKnownFileType = sourcecode.c.objc; path = GlobalConst.m; sourceTree = "<group>"; };
		A03ED7371CB39E3B00B6EF16 /* GlobalUIConst.h */ = {isa = PBXFileReference; fileEncoding = 4; lastKnownFileType = sourcecode.c.h; path = GlobalUIConst.h; sourceTree = "<group>"; };
		A03ED7381CB39E3B00B6EF16 /* GlobalUIConst.m */ = {isa = PBXFileReference; fileEncoding = 4; lastKnownFileType = sourcecode.c.objc; path = GlobalUIConst.m; sourceTree = "<group>"; };
		A03ED73A1CB3A6BC00B6EF16 /* MKClass.h */ = {isa = PBXFileReference; fileEncoding = 4; lastKnownFileType = sourcecode.c.h; path = MKClass.h; sourceTree = "<group>"; };
		A03ED73B1CB3A6BC00B6EF16 /* MKClass.m */ = {isa = PBXFileReference; fileEncoding = 4; lastKnownFileType = sourcecode.c.objc; path = MKClass.m; sourceTree = "<group>"; };
		A03ED73D1CB3A74700B6EF16 /* MKClassKind.h */ = {isa = PBXFileReference; fileEncoding = 4; lastKnownFileType = sourcecode.c.h; path = MKClassKind.h; sourceTree = "<group>"; };
		A03ED73E1CB3A74700B6EF16 /* MKClassKind.m */ = {isa = PBXFileReference; fileEncoding = 4; lastKnownFileType = sourcecode.c.objc; path = MKClassKind.m; sourceTree = "<group>"; };
/* End PBXFileReference section */

/* Begin PBXFrameworksBuildPhase section */
		A03ED70C1CB391B700B6EF16 /* Frameworks */ = {
			isa = PBXFrameworksBuildPhase;
			buildActionMask = 2147483647;
			files = (
			);
			runOnlyForDeploymentPostprocessing = 0;
		};
/* End PBXFrameworksBuildPhase section */

/* Begin PBXGroup section */
		A03ED7061CB391B700B6EF16 = {
			isa = PBXGroup;
			children = (
				A03ED7111CB391B700B6EF16 /* CZMakeTee */,
				A03ED7101CB391B700B6EF16 /* Products */,
			);
			sourceTree = "<group>";
		};
		A03ED7101CB391B700B6EF16 /* Products */ = {
			isa = PBXGroup;
			children = (
				A03ED70F1CB391B700B6EF16 /* CZMakeTee.app */,
			);
			name = Products;
			sourceTree = "<group>";
		};
		A03ED7111CB391B700B6EF16 /* CZMakeTee */ = {
			isa = PBXGroup;
			children = (
				A03ED72E1CB391F400B6EF16 /* Plug-ins */,
				A03ED72D1CB391F100B6EF16 /* Global Var */,
				A03ED72C1CB391CB00B6EF16 /* Class */,
				A03ED7151CB391B700B6EF16 /* AppDelegate.h */,
				A03ED7161CB391B700B6EF16 /* AppDelegate.m */,
				A03ED7181CB391B700B6EF16 /* ViewController.h */,
				A03ED7191CB391B700B6EF16 /* ViewController.m */,
				A03ED71B1CB391B700B6EF16 /* Main.storyboard */,
				A03ED7211CB391B700B6EF16 /* Assets.xcassets */,
				A03ED7231CB391B700B6EF16 /* LaunchScreen.storyboard */,
				A03ED7261CB391B700B6EF16 /* Info.plist */,
				A03ED71E1CB391B700B6EF16 /* CZMakeTee.xcdatamodeld */,
				A03ED7121CB391B700B6EF16 /* Supporting Files */,
			);
			path = CZMakeTee;
			sourceTree = "<group>";
		};
		A03ED7121CB391B700B6EF16 /* Supporting Files */ = {
			isa = PBXGroup;
			children = (
				A03ED7131CB391B700B6EF16 /* main.m */,
			);
			name = "Supporting Files";
			sourceTree = "<group>";
		};
		A03ED72C1CB391CB00B6EF16 /* Class */ = {
			isa = PBXGroup;
			children = (
				A03ED73A1CB3A6BC00B6EF16 /* MKClass.h */,
				A03ED73B1CB3A6BC00B6EF16 /* MKClass.m */,
				A03ED73D1CB3A74700B6EF16 /* MKClassKind.h */,
				A03ED73E1CB3A74700B6EF16 /* MKClassKind.m */,
			);
			name = Class;
			sourceTree = "<group>";
		};
		A03ED72D1CB391F100B6EF16 /* Global Var */ = {
			isa = PBXGroup;
			children = (
				A03ED7351CB399C200B6EF16 /* GlobalConst.m */,
				A03ED7371CB39E3B00B6EF16 /* GlobalUIConst.h */,
				A03ED7381CB39E3B00B6EF16 /* GlobalUIConst.m */,
			);
			name = "Global Var";
			sourceTree = "<group>";
		};
		A03ED72E1CB391F400B6EF16 /* Plug-ins */ = {
			isa = PBXGroup;
			children = (
			);
			name = "Plug-ins";
			sourceTree = "<group>";
		};
/* End PBXGroup section */

/* Begin PBXNativeTarget section */
		A03ED70E1CB391B700B6EF16 /* CZMakeTee */ = {
			isa = PBXNativeTarget;
			buildConfigurationList = A03ED7291CB391B700B6EF16 /* Build configuration list for PBXNativeTarget "CZMakeTee" */;
			buildPhases = (
				A03ED70B1CB391B700B6EF16 /* Sources */,
				A03ED70C1CB391B700B6EF16 /* Frameworks */,
				A03ED70D1CB391B700B6EF16 /* Resources */,
			);
			buildRules = (
			);
			dependencies = (
			);
			name = CZMakeTee;
			productName = CZMakeTee;
			productReference = A03ED70F1CB391B700B6EF16 /* CZMakeTee.app */;
			productType = "com.apple.product-type.application";
		};
/* End PBXNativeTarget section */

/* Begin PBXProject section */
		A03ED7071CB391B700B6EF16 /* Project object */ = {
			isa = PBXProject;
			attributes = {
				LastUpgradeCheck = 0730;
				ORGANIZATIONNAME = Cui;
				TargetAttributes = {
					A03ED70E1CB391B700B6EF16 = {
						CreatedOnToolsVersion = 7.3;
					};
				};
			};
			buildConfigurationList = A03ED70A1CB391B700B6EF16 /* Build configuration list for PBXProject "CZMakeTee" */;
			compatibilityVersion = "Xcode 3.2";
			developmentRegion = English;
			hasScannedForEncodings = 0;
			knownRegions = (
				en,
				Base,
			);
			mainGroup = A03ED7061CB391B700B6EF16;
			productRefGroup = A03ED7101CB391B700B6EF16 /* Products */;
			projectDirPath = "";
			projectRoot = "";
			targets = (
				A03ED70E1CB391B700B6EF16 /* CZMakeTee */,
			);
		};
/* End PBXProject section */

/* Begin PBXResourcesBuildPhase section */
		A03ED70D1CB391B700B6EF16 /* Resources */ = {
			isa = PBXResourcesBuildPhase;
			buildActionMask = 2147483647;
			files = (
				A03ED7251CB391B700B6EF16 /* LaunchScreen.storyboard in Resources */,
				A03ED7221CB391B700B6EF16 /* Assets.xcassets in Resources */,
				A03ED71D1CB391B700B6EF16 /* Main.storyboard in Resources */,
			);
			runOnlyForDeploymentPostprocessing = 0;
		};
/* End PBXResourcesBuildPhase section */

/* Begin PBXSourcesBuildPhase section */
		A03ED70B1CB391B700B6EF16 /* Sources */ = {
			isa = PBXSourcesBuildPhase;
			buildActionMask = 2147483647;
			files = (
				A03ED7391CB39E3B00B6EF16 /* GlobalUIConst.m in Sources */,
				A03ED71A1CB391B700B6EF16 /* ViewController.m in Sources */,
				A03ED7171CB391B700B6EF16 /* AppDelegate.m in Sources */,
				A03ED7141CB391B700B6EF16 /* main.m in Sources */,
				A03ED73F1CB3A74700B6EF16 /* MKClassKind.m in Sources */,
				A03ED7201CB391B700B6EF16 /* CZMakeTee.xcdatamodeld in Sources */,
				A03ED7361CB399C200B6EF16 /* GlobalConst.m in Sources */,
				A03ED73C1CB3A6BC00B6EF16 /* MKClass.m in Sources */,
			);
			runOnlyForDeploymentPostprocessing = 0;
		};
/* End PBXSourcesBuildPhase section */

/* Begin PBXVariantGroup section */
		A03ED71B1CB391B700B6EF16 /* Main.storyboard */ = {
			isa = PBXVariantGroup;
			children = (
				A03ED71C1CB391B700B6EF16 /* Base */,
			);
			name = Main.storyboard;
			sourceTree = "<group>";
		};
		A03ED7231CB391B700B6EF16 /* LaunchScreen.storyboard */ = {
			isa = PBXVariantGroup;
			children = (
				A03ED7241CB391B700B6EF16 /* Base */,
			);
			name = LaunchScreen.storyboard;
			sourceTree = "<group>";
		};
/* End PBXVariantGroup section */

/* Begin XCBuildConfiguration section */
		A03ED7271CB391B700B6EF16 /* Debug */ = {
			isa = XCBuildConfiguration;
			buildSettings = {
				ALWAYS_SEARCH_USER_PATHS = NO;
				CLANG_ANALYZER_NONNULL = YES;
				CLANG_CXX_LANGUAGE_STANDARD = "gnu++0x";
				CLANG_CXX_LIBRARY = "libc++";
				CLANG_ENABLE_MODULES = YES;
				CLANG_ENABLE_OBJC_ARC = YES;
				CLANG_WARN_BOOL_CONVERSION = YES;
				CLANG_WARN_CONSTANT_CONVERSION = YES;
				CLANG_WARN_DIRECT_OBJC_ISA_USAGE = YES_ERROR;
				CLANG_WARN_EMPTY_BODY = YES;
				CLANG_WARN_ENUM_CONVERSION = YES;
				CLANG_WARN_INT_CONVERSION = YES;
				CLANG_WARN_OBJC_ROOT_CLASS = YES_ERROR;
				CLANG_WARN_UNREACHABLE_CODE = YES;
				CLANG_WARN__DUPLICATE_METHOD_MATCH = YES;
				"CODE_SIGN_IDENTITY[sdk=iphoneos*]" = "iPhone Developer";
				COPY_PHASE_STRIP = NO;
				DEBUG_INFORMATION_FORMAT = dwarf;
				ENABLE_STRICT_OBJC_MSGSEND = YES;
				ENABLE_TESTABILITY = YES;
				GCC_C_LANGUAGE_STANDARD = gnu99;
				GCC_DYNAMIC_NO_PIC = NO;
				GCC_NO_COMMON_BLOCKS = YES;
				GCC_OPTIMIZATION_LEVEL = 0;
				GCC_PREPROCESSOR_DEFINITIONS = (
					"DEBUG=1",
					"$(inherited)",
				);
				GCC_WARN_64_TO_32_BIT_CONVERSION = YES;
				GCC_WARN_ABOUT_RETURN_TYPE = YES_ERROR;
				GCC_WARN_UNDECLARED_SELECTOR = YES;
				GCC_WARN_UNINITIALIZED_AUTOS = YES_AGGRESSIVE;
				GCC_WARN_UNUSED_FUNCTION = YES;
				GCC_WARN_UNUSED_VARIABLE = YES;
				IPHONEOS_DEPLOYMENT_TARGET = 9.3;
				MTL_ENABLE_DEBUG_INFO = YES;
				ONLY_ACTIVE_ARCH = YES;
				SDKROOT = iphoneos;
			};
			name = Debug;
		};
		A03ED7281CB391B700B6EF16 /* Release */ = {
			isa = XCBuildConfiguration;
			buildSettings = {
				ALWAYS_SEARCH_USER_PATHS = NO;
				CLANG_ANALYZER_NONNULL = YES;
				CLANG_CXX_LANGUAGE_STANDARD = "gnu++0x";
				CLANG_CXX_LIBRARY = "libc++";
				CLANG_ENABLE_MODULES = YES;
				CLANG_ENABLE_OBJC_ARC = YES;
				CLANG_WARN_BOOL_CONVERSION = YES;
				CLANG_WARN_CONSTANT_CONVERSION = YES;
				CLANG_WARN_DIRECT_OBJC_ISA_USAGE = YES_ERROR;
				CLANG_WARN_EMPTY_BODY = YES;
				CLANG_WARN_ENUM_CONVERSION = YES;
				CLANG_WARN_INT_CONVERSION = YES;
				CLANG_WARN_OBJC_ROOT_CLASS = YES_ERROR;
				CLANG_WARN_UNREACHABLE_CODE = YES;
				CLANG_WARN__DUPLICATE_METHOD_MATCH = YES;
				"CODE_SIGN_IDENTITY[sdk=iphoneos*]" = "iPhone Developer";
				COPY_PHASE_STRIP = NO;
				DEBUG_INFORMATION_FORMAT = "dwarf-with-dsym";
				ENABLE_NS_ASSERTIONS = NO;
				ENABLE_STRICT_OBJC_MSGSEND = YES;
				GCC_C_LANGUAGE_STANDARD = gnu99;
				GCC_NO_COMMON_BLOCKS = YES;
				GCC_WARN_64_TO_32_BIT_CONVERSION = YES;
				GCC_WARN_ABOUT_RETURN_TYPE = YES_ERROR;
				GCC_WARN_UNDECLARED_SELECTOR = YES;
				GCC_WARN_UNINITIALIZED_AUTOS = YES_AGGRESSIVE;
				GCC_WARN_UNUSED_FUNCTION = YES;
				GCC_WARN_UNUSED_VARIABLE = YES;
				IPHONEOS_DEPLOYMENT_TARGET = 9.3;
				MTL_ENABLE_DEBUG_INFO = NO;
				SDKROOT = iphoneos;
				VALIDATE_PRODUCT = YES;
			};
			name = Release;
		};
		A03ED72A1CB391B700B6EF16 /* Debug */ = {
			isa = XCBuildConfiguration;
			buildSettings = {
				ASSETCATALOG_COMPILER_APPICON_NAME = AppIcon;
				INFOPLIST_FILE = CZMakeTee/Info.plist;
				LD_RUNPATH_SEARCH_PATHS = "$(inherited) @executable_path/Frameworks";
				PRODUCT_BUNDLE_IDENTIFIER = com.gongfupao.maketea.CZMakeTee;
				PRODUCT_NAME = "$(TARGET_NAME)";
			};
			name = Debug;
		};
		A03ED72B1CB391B700B6EF16 /* Release */ = {
			isa = XCBuildConfiguration;
			buildSettings = {
				ASSETCATALOG_COMPILER_APPICON_NAME = AppIcon;
				INFOPLIST_FILE = CZMakeTee/Info.plist;
				LD_RUNPATH_SEARCH_PATHS = "$(inherited) @executable_path/Frameworks";
				PRODUCT_BUNDLE_IDENTIFIER = com.gongfupao.maketea.CZMakeTee;
				PRODUCT_NAME = "$(TARGET_NAME)";
			};
			name = Release;
		};
/* End XCBuildConfiguration section */

/* Begin XCConfigurationList section */
		A03ED70A1CB391B700B6EF16 /* Build configuration list for PBXProject "CZMakeTee" */ = {
			isa = XCConfigurationList;
			buildConfigurations = (
				A03ED7271CB391B700B6EF16 /* Debug */,
				A03ED7281CB391B700B6EF16 /* Release */,
			);
			defaultConfigurationIsVisible = 0;
			defaultConfigurationName = Release;
		};
		A03ED7291CB391B700B6EF16 /* Build configuration list for PBXNativeTarget "CZMakeTee" */ = {
			isa = XCConfigurationList;
			buildConfigurations = (
				A03ED72A1CB391B700B6EF16 /* Debug */,
				A03ED72B1CB391B700B6EF16 /* Release */,
			);
			defaultConfigurationIsVisible = 0;
		};
/* End XCConfigurationList section */

/* Begin XCVersionGroup section */
		A03ED71E1CB391B700B6EF16 /* CZMakeTee.xcdatamodeld */ = {
			isa = XCVersionGroup;
			children = (
				A03ED71F1CB391B700B6EF16 /* CZMakeTee.xcdatamodel */,
			);
			currentVersion = A03ED71F1CB391B700B6EF16 /* CZMakeTee.xcdatamodel */;
			path = CZMakeTee.xcdatamodeld;
			sourceTree = "<group>";
			versionGroupType = wrapper.xcdatamodel;
		};
/* End XCVersionGroup section */
	};
	rootObject = A03ED7071CB391B700B6EF16 /* Project object */;
}
